
Microsoft Visual Studio Solution File, Format Version 12.00
# Visual Studio 15
VisualStudioVersion = 15.0.28307.902
MinimumVisualStudioVersion = 10.0.40219.1
Project("{F14B399A-7131-4C87-9E4B-1186C45EF12D}") = "Report Project1", "Report Project1\Report Project1.rptproj", "{2D0E582D-5606-4B92-9AC9-D22512041249}"
EndProject
Global
	GlobalSection(SolutionConfigurationPlatforms) = preSolution
		Debug|Default = Debug|Default
		DebugLocal|Default = DebugLocal|Default
		Release|Default = Release|Default
	EndGlobalSection
	GlobalSection(ProjectConfigurationPlatforms) = postSolution
		{2D0E582D-5606-4B92-9AC9-D22512041249}.Debug|Default.ActiveCfg = Debug
		{2D0E582D-5606-4B92-9AC9-D22512041249}.Debug|Default.Build.0 = Debug
		{2D0E582D-5606-4B92-9AC9-D22512041249}.Debug|Default.Deploy.0 = Debug
		{2D0E582D-5606-4B92-9AC9-D22512041249}.DebugLocal|Default.ActiveCfg = DebugLocal
		{2D0E582D-5606-4B92-9AC9-D22512041249}.DebugLocal|Default.Build.0 = DebugLocal
		{2D0E582D-5606-4B92-9AC9-D22512041249}.Release|Default.ActiveCfg = Release
		{2D0E582D-5606-4B92-9AC9-D22512041249}.Release|Default.Build.0 = Release
		{2D0E582D-5606-4B92-9AC9-D22512041249}.Release|Default.Deploy.0 = Release
	EndGlobalSection
	GlobalSection(SolutionProperties) = preSolution
		HideSolutionNode = FALSE
	EndGlobalSection
	GlobalSection(ExtensibilityGlobals) = postSolution
		SolutionGuid = {03E318C9-92E5-4265-8A79-0F70CC28C872}
	EndGlobalSection
EndGlobal
